
Microsoft Visual Studio Solution File, Format Version 12.00
# Visual Studio Version 16
VisualStudioVersion = 16.0.32428.217
MinimumVisualStudioVersion = 10.0.40219.1
Project("{FAE04EC0-301F-11D3-BF4B-00C04F79EFBC}") = "PIS1", "PIS1\PIS1.csproj", "{549DA90C-A5DA-4C52-96F9-1710668044D7}"
EndProject
Global
	GlobalSection(SolutionConfigurationPlatforms) = preSolution
		Debug|Any CPU = Debug|Any CPU
		Release|Any CPU = Release|Any CPU
	EndGlobalSection
	GlobalSection(ProjectConfigurationPlatforms) = postSolution
		{549DA90C-A5DA-4C52-96F9-1710668044D7}.Debug|Any CPU.ActiveCfg = Debug|Any CPU
		{549DA90C-A5DA-4C52-96F9-1710668044D7}.Debug|Any CPU.Build.0 = Debug|Any CPU
		{549DA90C-A5DA-4C52-96F9-1710668044D7}.Release|Any CPU.ActiveCfg = Release|Any CPU
		{549DA90C-A5DA-4C52-96F9-1710668044D7}.Release|Any CPU.Build.0 = Release|Any CPU
	EndGlobalSection
	GlobalSection(SolutionProperties) = preSolution
		HideSolutionNode = FALSE
	EndGlobalSection
	GlobalSection(ExtensibilityGlobals) = postSolution
		SolutionGuid = {3700B562-427B-4AEB-A88D-EA2D57B0FAC7}
	EndGlobalSection
EndGlobal
